{
  "name": "puzzle",
  "version": "0.0.0",
  "lockfileVersion": 3,
  "requires": true,
  "packages": {
    "": {
      "name": "puzzle",
      "version": "0.0.0",
      "license": "MIT",
      "dependencies": {
        "clipper-lib": "^6.4.2",
        "earcut": "^3.0.1",
        "fflate": "^0.8.3"
      }
    },
    "node_modules/clipper-lib": {
      "version": "6.4.2",
      "resolved": "https://registry.npmjs.org/clipper-lib/-/clipper-lib-6.4.2.tgz",
      "integrity": "sha512-knglhjQX5ihNj/XCIs6zCHrTemdvHY3LPZP9XB2nq2/3igyYMFueFXtfp84baJvEE+f8pO1ZS4UVeEgmLnAprQ==",
      "license": "BSL"
    },
    "node_modules/earcut": {
      "version": "3.2.3",
      "resolved": "https://registry.npmjs.org/earcut/-/earcut-3.2.3.tgz",
      "integrity": "sha512-vnS4AVwp1KHAF13i1vp1/2D5evWy3k5u/iW/B81QVsUZtV8cv2tU0b2VNFlqvh4kYwrFMDdjPCfAmfyJW9y14Q==",
      "license": "ISC"
    },
    "node_modules/fflate": {
      "version": "0.8.3",
      "resolved": "https://registry.npmjs.org/fflate/-/fflate-0.8.3.tgz",
      "integrity": "sha512-tbZNuJrLwGUp3zshBtdy4W+ORxZuIh8a5ilyIEQDC5rY1f3U20JMry0Ll3WBzU58EZKsEuJFXhb5gwv8CsPvgA==",
      "license": "MIT"
    }
  }
}
